
Microsoft Visual Studio Solution File, Format Version 12.00
# Visual Studio Version 17
VisualStudioVersion = 17.1.32319.34
MinimumVisualStudioVersion = 10.0.40219.1
Project("{FAE04EC0-301F-11D3-BF4B-00C04F79EFBC}") = "WindowsServiceByTopshelf", "WindowsServiceByTopshelf.csproj", "{99D9E1C7-8EAB-460F-B4C7-9AE7D1C32A45}"
EndProject
Global
	GlobalSection(SolutionConfigurationPlatforms) = preSolution
		Debug|Any CPU = Debug|Any CPU
		Release|Any CPU = Release|Any CPU
	EndGlobalSection
	GlobalSection(ProjectConfigurationPlatforms) = postSolution
		{99D9E1C7-8EAB-460F-B4C7-9AE7D1C32A45}.Debug|Any CPU.ActiveCfg = Debug|Any CPU
		{99D9E1C7-8EAB-460F-B4C7-9AE7D1C32A45}.Debug|Any CPU.Build.0 = Debug|Any CPU
		{99D9E1C7-8EAB-460F-B4C7-9AE7D1C32A45}.Release|Any CPU.ActiveCfg = Release|Any CPU
		{99D9E1C7-8EAB-460F-B4C7-9AE7D1C32A45}.Release|Any CPU.Build.0 = Release|Any CPU
	EndGlobalSection
	GlobalSection(SolutionProperties) = preSolution
		HideSolutionNode = FALSE
	EndGlobalSection
	GlobalSection(ExtensibilityGlobals) = postSolution
		SolutionGuid = {97EFC27A-570D-4AE5-A871-C472B7143800}
	EndGlobalSection
EndGlobal
